
Microsoft Visual Studio Solution File, Format Version 12.00
# Visual Studio Version 17
VisualStudioVersion = 17.4.33103.184
MinimumVisualStudioVersion = 10.0.40219.1
Project("{2150E333-8FDC-42A3-9474-1A3956D46DE8}") = "modules", "modules", "{FB34A065-302D-4A80-8759-581E75AF7D17}"
EndProject
Project("{9A19103F-16F7-4668-BE54-9A1E7A4F7556}") = "DroneManager.Core", "DroneManager.Core\DroneManager.Core.csproj", "{EA815576-30BF-4FAC-9EF9-CF3F58F11486}"
EndProject
Project("{9A19103F-16F7-4668-BE54-9A1E7A4F7556}") = "DroneManager.Core.Data", "DroneManager.Core.Data\DroneManager.Core.Data.csproj", "{C72EF510-3C91-4FFA-A13C-6940055918B0}"
EndProject
Project("{2150E333-8FDC-42A3-9474-1A3956D46DE8}") = "project", "project", "{2DCCE12E-49F8-4B57-A9C9-FE51EACADE81}"
EndProject
Project("{9A19103F-16F7-4668-BE54-9A1E7A4F7556}") = "DroneManager.Domain", "DroneManager.Domain\DroneManager.Domain.csproj", "{8735DC58-A2D5-4F72-AA12-3417D51EDA7E}"
EndProject
Project("{9A19103F-16F7-4668-BE54-9A1E7A4F7556}") = "DroneManager.Core.Web", "DroneManager.Core.Web\DroneManager.Core.Web.csproj", "{A5F83313-5A63-4057-8A10-88CDD3401352}"
EndProject
Project("{9A19103F-16F7-4668-BE54-9A1E7A4F7556}") = "DroneManager.Application", "DroneManager.Application\DroneManager.Application.csproj", "{F82B6939-D0EC-4940-8037-5635C590EB75}"
EndProject
Project("{9A19103F-16F7-4668-BE54-9A1E7A4F7556}") = "DroneManager.Infrastructure", "DroneManager.Infrastructure\DroneManager.Infrastructure.csproj", "{16BC362A-FB46-4E0D-B15D-7139573C6575}"
EndProject
Project("{9A19103F-16F7-4668-BE54-9A1E7A4F7556}") = "DroneManager.Server", "DroneManager.Server\DroneManager.Server.csproj", "{F894C667-A6AB-4CC1-A525-6A4B129C1CD5}"
EndProject
Project("{FAE04EC0-301F-11D3-BF4B-00C04F79EFBC}") = "DroneManager.FileStorage", "DroneManager.FileStorage\DroneManager.FileStorage.csproj", "{2BD0A9C9-956E-47EC-9093-DDB0EFDE7AE4}"
EndProject
Global
	GlobalSection(SolutionConfigurationPlatforms) = preSolution
		Debug|Any CPU = Debug|Any CPU
		Release|Any CPU = Release|Any CPU
	EndGlobalSection
	GlobalSection(ProjectConfigurationPlatforms) = postSolution
		{EA815576-30BF-4FAC-9EF9-CF3F58F11486}.Debug|Any CPU.ActiveCfg = Debug|Any CPU
		{EA815576-30BF-4FAC-9EF9-CF3F58F11486}.Debug|Any CPU.Build.0 = Debug|Any CPU
		{EA815576-30BF-4FAC-9EF9-CF3F58F11486}.Release|Any CPU.ActiveCfg = Release|Any CPU
		{EA815576-30BF-4FAC-9EF9-CF3F58F11486}.Release|Any CPU.Build.0 = Release|Any CPU
		{C72EF510-3C91-4FFA-A13C-6940055918B0}.Debug|Any CPU.ActiveCfg = Debug|Any CPU
		{C72EF510-3C91-4FFA-A13C-6940055918B0}.Debug|Any CPU.Build.0 = Debug|Any CPU
		{C72EF510-3C91-4FFA-A13C-6940055918B0}.Release|Any CPU.ActiveCfg = Release|Any CPU
		{C72EF510-3C91-4FFA-A13C-6940055918B0}.Release|Any CPU.Build.0 = Release|Any CPU
		{8735DC58-A2D5-4F72-AA12-3417D51EDA7E}.Debug|Any CPU.ActiveCfg = Debug|Any CPU
		{8735DC58-A2D5-4F72-AA12-3417D51EDA7E}.Debug|Any CPU.Build.0 = Debug|Any CPU
		{8735DC58-A2D5-4F72-AA12-3417D51EDA7E}.Release|Any CPU.ActiveCfg = Release|Any CPU
		{8735DC58-A2D5-4F72-AA12-3417D51EDA7E}.Release|Any CPU.Build.0 = Release|Any CPU
		{A5F83313-5A63-4057-8A10-88CDD3401352}.Debug|Any CPU.ActiveCfg = Debug|Any CPU
		{A5F83313-5A63-4057-8A10-88CDD3401352}.Debug|Any CPU.Build.0 = Debug|Any CPU
		{A5F83313-5A63-4057-8A10-88CDD3401352}.Release|Any CPU.ActiveCfg = Release|Any CPU
		{A5F83313-5A63-4057-8A10-88CDD3401352}.Release|Any CPU.Build.0 = Release|Any CPU
		{F82B6939-D0EC-4940-8037-5635C590EB75}.Debug|Any CPU.ActiveCfg = Debug|Any CPU
		{F82B6939-D0EC-4940-8037-5635C590EB75}.Debug|Any CPU.Build.0 = Debug|Any CPU
		{F82B6939-D0EC-4940-8037-5635C590EB75}.Release|Any CPU.ActiveCfg = Release|Any CPU
		{F82B6939-D0EC-4940-8037-5635C590EB75}.Release|Any CPU.Build.0 = Release|Any CPU
		{16BC362A-FB46-4E0D-B15D-7139573C6575}.Debug|Any CPU.ActiveCfg = Debug|Any CPU
		{16BC362A-FB46-4E0D-B15D-7139573C6575}.Debug|Any CPU.Build.0 = Debug|Any CPU
		{16BC362A-FB46-4E0D-B15D-7139573C6575}.Release|Any CPU.ActiveCfg = Release|Any CPU
		{16BC362A-FB46-4E0D-B15D-7139573C6575}.Release|Any CPU.Build.0 = Release|Any CPU
		{F894C667-A6AB-4CC1-A525-6A4B129C1CD5}.Debug|Any CPU.ActiveCfg = Debug|Any CPU
		{F894C667-A6AB-4CC1-A525-6A4B129C1CD5}.Debug|Any CPU.Build.0 = Debug|Any CPU
		{F894C667-A6AB-4CC1-A525-6A4B129C1CD5}.Release|Any CPU.ActiveCfg = Release|Any CPU
		{F894C667-A6AB-4CC1-A525-6A4B129C1CD5}.Release|Any CPU.Build.0 = Release|Any CPU
		{2BD0A9C9-956E-47EC-9093-DDB0EFDE7AE4}.Debug|Any CPU.ActiveCfg = Debug|Any CPU
		{2BD0A9C9-956E-47EC-9093-DDB0EFDE7AE4}.Debug|Any CPU.Build.0 = Debug|Any CPU
		{2BD0A9C9-956E-47EC-9093-DDB0EFDE7AE4}.Release|Any CPU.ActiveCfg = Release|Any CPU
		{2BD0A9C9-956E-47EC-9093-DDB0EFDE7AE4}.Release|Any CPU.Build.0 = Release|Any CPU
	EndGlobalSection
	GlobalSection(SolutionProperties) = preSolution
		HideSolutionNode = FALSE
	EndGlobalSection
	GlobalSection(NestedProjects) = preSolution
		{EA815576-30BF-4FAC-9EF9-CF3F58F11486} = {FB34A065-302D-4A80-8759-581E75AF7D17}
		{C72EF510-3C91-4FFA-A13C-6940055918B0} = {FB34A065-302D-4A80-8759-581E75AF7D17}
		{8735DC58-A2D5-4F72-AA12-3417D51EDA7E} = {2DCCE12E-49F8-4B57-A9C9-FE51EACADE81}
		{A5F83313-5A63-4057-8A10-88CDD3401352} = {FB34A065-302D-4A80-8759-581E75AF7D17}
		{F82B6939-D0EC-4940-8037-5635C590EB75} = {2DCCE12E-49F8-4B57-A9C9-FE51EACADE81}
		{16BC362A-FB46-4E0D-B15D-7139573C6575} = {2DCCE12E-49F8-4B57-A9C9-FE51EACADE81}
		{F894C667-A6AB-4CC1-A525-6A4B129C1CD5} = {2DCCE12E-49F8-4B57-A9C9-FE51EACADE81}
		{2BD0A9C9-956E-47EC-9093-DDB0EFDE7AE4} = {FB34A065-302D-4A80-8759-581E75AF7D17}
	EndGlobalSection
	GlobalSection(ExtensibilityGlobals) = postSolution
		SolutionGuid = {30DC8D64-D74C-4652-8B90-93073FE5F7E4}
	EndGlobalSection
EndGlobal
